
Microsoft Visual Studio Solution File, Format Version 12.00
# Visual Studio Version 17
VisualStudioVersion = 17.14.36603.0
MinimumVisualStudioVersion = 10.0.40219.1
Project("{2150E333-8FDC-42A3-9474-1A3956D46DE8}") = "Task0", "Task0", "{02EA681E-C7D8-13C7-8484-4AC65E1B71E8}"
EndProject
Project("{FAE04EC0-301F-11D3-BF4B-00C04F79EFBC}") = "Tyuiu.chernyhim.Sprint5.Task0.V1.Lib", "Tyuiu.chernyhim.Sprint5.Task0.V1.Lib\Tyuiu.chernyhim.Sprint5.Task0.V1.Lib.csproj", "{A75BDBB0-3872-4065-97BB-92B63FE18EAE}"
EndProject
Project("{FAE04EC0-301F-11D3-BF4B-00C04F79EFBC}") = "Tyuiu.chernyhim.Sprint5.Task0.V1", "Tyuiu.chernyhim.Sprint5.Task0.V1\Tyuiu.chernyhim.Sprint5.Task0.V1.csproj", "{F3CDC386-B94E-4D8F-9659-0A64776545D7}"
EndProject
Project("{FAE04EC0-301F-11D3-BF4B-00C04F79EFBC}") = "Tyuiu.chernyhim.Sprint5.Task0.V1.Test", "Tyuiu.chernyhim.Sprint5.Task0.V1.Test\Tyuiu.chernyhim.Sprint5.Task0.V1.Test.csproj", "{E784FD65-CF12-493B-8366-3B4016D4C94E}"
EndProject
Project("{2150E333-8FDC-42A3-9474-1A3956D46DE8}") = "Task1", "Task1", "{94149114-8870-4D9F-B7DA-FABD357A82B5}"
EndProject
Project("{FAE04EC0-301F-11D3-BF4B-00C04F79EFBC}") = "Tyuiu.chernyhim.Sprint5.Task1.V2", "Tyuiu.chernyhim.Sprint5.Task1.V2\Tyuiu.chernyhim.Sprint5.Task1.V2.csproj", "{30C1E97D-D120-43FA-93C2-0B5E093E9947}"
EndProject
Project("{FAE04EC0-301F-11D3-BF4B-00C04F79EFBC}") = "Tyuiu.chernyhim.Sprint5.Task1.V2.Lib", "Tyuiu.chernyhim.Sprint5.Task1.V2.Lib\Tyuiu.chernyhim.Sprint5.Task1.V2.Lib.csproj", "{663BE21A-C22E-4480-8391-C0C7AC0B8B63}"
EndProject
Project("{FAE04EC0-301F-11D3-BF4B-00C04F79EFBC}") = "Tyuiu.chernyhim.Sprint5.Task1.V2.Test", "Tyuiu.chernyhim.Sprint5.Task1.V2.Test\Tyuiu.chernyhim.Sprint5.Task1.V2.Test.csproj", "{D00A5C3A-D03F-4525-8A2F-3552F625A2C1}"
EndProject
Project("{2150E333-8FDC-42A3-9474-1A3956D46DE8}") = "Task2", "Task2", "{6B44CA18-D43F-4E9F-B9AD-C560FDE718A0}"
EndProject
Project("{FAE04EC0-301F-11D3-BF4B-00C04F79EFBC}") = "Tyuiu.chernyhim.Sprint5.Task2.V1", "Tyuiu.chernyhim.Sprint5.Task2.V1\Tyuiu.chernyhim.Sprint5.Task2.V1.csproj", "{2B8BE18C-9AFF-4ADD-873F-9C9AC18C71D2}"
EndProject
Project("{FAE04EC0-301F-11D3-BF4B-00C04F79EFBC}") = "Tyuiu.chernyhim.Sprint5.Task2.V1.Lib", "Tyuiu.chernyhim.Sprint5.Task2.V1.Lib\Tyuiu.chernyhim.Sprint5.Task2.V1.Lib.csproj", "{69EE433D-C514-45E5-A594-0FC499C158B2}"
EndProject
Project("{FAE04EC0-301F-11D3-BF4B-00C04F79EFBC}") = "Tyuiu.chernyhim.Sprint5.Task2.V1.Test", "Tyuiu.chernyhim.Sprint5.Task2.V1.Test\Tyuiu.chernyhim.Sprint5.Task2.V1.Test.csproj", "{2E258E0F-8E23-43FB-B9AD-C9473251FD04}"
EndProject
Global
	GlobalSection(SolutionConfigurationPlatforms) = preSolution
		Debug|Any CPU = Debug|Any CPU
		Release|Any CPU = Release|Any CPU
	EndGlobalSection
	GlobalSection(ProjectConfigurationPlatforms) = postSolution
		{A75BDBB0-3872-4065-97BB-92B63FE18EAE}.Debug|Any CPU.ActiveCfg = Debug|Any CPU
		{A75BDBB0-3872-4065-97BB-92B63FE18EAE}.Debug|Any CPU.Build.0 = Debug|Any CPU
		{A75BDBB0-3872-4065-97BB-92B63FE18EAE}.Release|Any CPU.ActiveCfg = Release|Any CPU
		{A75BDBB0-3872-4065-97BB-92B63FE18EAE}.Release|Any CPU.Build.0 = Release|Any CPU
		{F3CDC386-B94E-4D8F-9659-0A64776545D7}.Debug|Any CPU.ActiveCfg = Debug|Any CPU
		{F3CDC386-B94E-4D8F-9659-0A64776545D7}.Debug|Any CPU.Build.0 = Debug|Any CPU
		{F3CDC386-B94E-4D8F-9659-0A64776545D7}.Release|Any CPU.ActiveCfg = Release|Any CPU
		{F3CDC386-B94E-4D8F-9659-0A64776545D7}.Release|Any CPU.Build.0 = Release|Any CPU
		{E784FD65-CF12-493B-8366-3B4016D4C94E}.Debug|Any CPU.ActiveCfg = Debug|Any CPU
		{E784FD65-CF12-493B-8366-3B4016D4C94E}.Debug|Any CPU.Build.0 = Debug|Any CPU
		{E784FD65-CF12-493B-8366-3B4016D4C94E}.Release|Any CPU.ActiveCfg = Release|Any CPU
		{E784FD65-CF12-493B-8366-3B4016D4C94E}.Release|Any CPU.Build.0 = Release|Any CPU
		{30C1E97D-D120-43FA-93C2-0B5E093E9947}.Debug|Any CPU.ActiveCfg = Debug|Any CPU
		{30C1E97D-D120-43FA-93C2-0B5E093E9947}.Debug|Any CPU.Build.0 = Debug|Any CPU
		{30C1E97D-D120-43FA-93C2-0B5E093E9947}.Release|Any CPU.ActiveCfg = Release|Any CPU
		{30C1E97D-D120-43FA-93C2-0B5E093E9947}.Release|Any CPU.Build.0 = Release|Any CPU
		{663BE21A-C22E-4480-8391-C0C7AC0B8B63}.Debug|Any CPU.ActiveCfg = Debug|Any CPU
		{663BE21A-C22E-4480-8391-C0C7AC0B8B63}.Debug|Any CPU.Build.0 = Debug|Any CPU
		{663BE21A-C22E-4480-8391-C0C7AC0B8B63}.Release|Any CPU.ActiveCfg = Release|Any CPU
		{663BE21A-C22E-4480-8391-C0C7AC0B8B63}.Release|Any CPU.Build.0 = Release|Any CPU
		{D00A5C3A-D03F-4525-8A2F-3552F625A2C1}.Debug|Any CPU.ActiveCfg = Debug|Any CPU
		{D00A5C3A-D03F-4525-8A2F-3552F625A2C1}.Debug|Any CPU.Build.0 = Debug|Any CPU
		{D00A5C3A-D03F-4525-8A2F-3552F625A2C1}.Release|Any CPU.ActiveCfg = Release|Any CPU
		{D00A5C3A-D03F-4525-8A2F-3552F625A2C1}.Release|Any CPU.Build.0 = Release|Any CPU
		{2B8BE18C-9AFF-4ADD-873F-9C9AC18C71D2}.Debug|Any CPU.ActiveCfg = Debug|Any CPU
		{2B8BE18C-9AFF-4ADD-873F-9C9AC18C71D2}.Debug|Any CPU.Build.0 = Debug|Any CPU
		{2B8BE18C-9AFF-4ADD-873F-9C9AC18C71D2}.Release|Any CPU.ActiveCfg = Release|Any CPU
		{2B8BE18C-9AFF-4ADD-873F-9C9AC18C71D2}.Release|Any CPU.Build.0 = Release|Any CPU
		{69EE433D-C514-45E5-A594-0FC499C158B2}.Debug|Any CPU.ActiveCfg = Debug|Any CPU
		{69EE433D-C514-45E5-A594-0FC499C158B2}.Debug|Any CPU.Build.0 = Debug|Any CPU
		{69EE433D-C514-45E5-A594-0FC499C158B2}.Release|Any CPU.ActiveCfg = Release|Any CPU
		{69EE433D-C514-45E5-A594-0FC499C158B2}.Release|Any CPU.Build.0 = Release|Any CPU
		{2E258E0F-8E23-43FB-B9AD-C9473251FD04}.Debug|Any CPU.ActiveCfg = Debug|Any CPU
		{2E258E0F-8E23-43FB-B9AD-C9473251FD04}.Debug|Any CPU.Build.0 = Debug|Any CPU
		{2E258E0F-8E23-43FB-B9AD-C9473251FD04}.Release|Any CPU.ActiveCfg = Release|Any CPU
		{2E258E0F-8E23-43FB-B9AD-C9473251FD04}.Release|Any CPU.Build.0 = Release|Any CPU
	EndGlobalSection
	GlobalSection(SolutionProperties) = preSolution
		HideSolutionNode = FALSE
	EndGlobalSection
	GlobalSection(NestedProjects) = preSolution
		{A75BDBB0-3872-4065-97BB-92B63FE18EAE} = {02EA681E-C7D8-13C7-8484-4AC65E1B71E8}
		{F3CDC386-B94E-4D8F-9659-0A64776545D7} = {02EA681E-C7D8-13C7-8484-4AC65E1B71E8}
		{E784FD65-CF12-493B-8366-3B4016D4C94E} = {02EA681E-C7D8-13C7-8484-4AC65E1B71E8}
		{30C1E97D-D120-43FA-93C2-0B5E093E9947} = {94149114-8870-4D9F-B7DA-FABD357A82B5}
		{663BE21A-C22E-4480-8391-C0C7AC0B8B63} = {94149114-8870-4D9F-B7DA-FABD357A82B5}
		{D00A5C3A-D03F-4525-8A2F-3552F625A2C1} = {94149114-8870-4D9F-B7DA-FABD357A82B5}
		{2B8BE18C-9AFF-4ADD-873F-9C9AC18C71D2} = {6B44CA18-D43F-4E9F-B9AD-C560FDE718A0}
		{69EE433D-C514-45E5-A594-0FC499C158B2} = {6B44CA18-D43F-4E9F-B9AD-C560FDE718A0}
		{2E258E0F-8E23-43FB-B9AD-C9473251FD04} = {6B44CA18-D43F-4E9F-B9AD-C560FDE718A0}
	EndGlobalSection
	GlobalSection(ExtensibilityGlobals) = postSolution
		SolutionGuid = {C2AC936D-A00A-4042-8BE3-72C0EEA67FE4}
	EndGlobalSection
EndGlobal
